// !$*UTF8*$!
{
	archiveVersion = 1;
	classes = {
	};
	objectVersion = 56;
	objects = {

/* Begin PBXBuildFile section */
		2C28A5922B19D10E00F40D77 /* AppDelegate.swift in Sources */ = {isa = PBXBuildFile; fileRef = 2C28A5912B19D10E00F40D77 /* AppDelegate.swift */; };
		2C28A5942B19D10E00F40D77 /* SceneDelegate.swift in Sources */ = {isa = PBXBuildFile; fileRef = 2C28A5932B19D10E00F40D77 /* SceneDelegate.swift */; };
		2C28A5962B19D10E00F40D77 /* HomeViewController.swift in Sources */ = {isa = PBXBuildFile; fileRef = 2C28A5952B19D10E00F40D77 /* HomeViewController.swift */; };
		2C28A5992B19D10E00F40D77 /* Main.storyboard in Resources */ = {isa = PBXBuildFile; fileRef = 2C28A5972B19D10E00F40D77 /* Main.storyboard */; };
		2C28A59B2B19D11100F40D77 /* Assets.xcassets in Resources */ = {isa = PBXBuildFile; fileRef = 2C28A59A2B19D11100F40D77 /* Assets.xcassets */; };
		2C28A59E2B19D11100F40D77 /* LaunchScreen.storyboard in Resources */ = {isa = PBXBuildFile; fileRef = 2C28A59C2B19D11100F40D77 /* LaunchScreen.storyboard */; };
		2C28A5AB2B19D8CC00F40D77 /* SearchViewController.swift in Sources */ = {isa = PBXBuildFile; fileRef = 2C28A5AA2B19D8CC00F40D77 /* SearchViewController.swift */; };
		2C28A5AE2B19D9E300F40D77 /* Constants.swift in Sources */ = {isa = PBXBuildFile; fileRef = 2C28A5AD2B19D9E300F40D77 /* Constants.swift */; };
		2C28A5B02B19DE9400F40D77 /* BookModel.swift in Sources */ = {isa = PBXBuildFile; fileRef = 2C28A5AF2B19DE9400F40D77 /* BookModel.swift */; };
		2C28A5B42B19E0CE00F40D77 /* BookManager.swift in Sources */ = {isa = PBXBuildFile; fileRef = 2C28A5B32B19E0CE00F40D77 /* BookManager.swift */; };
		2C28A5B62B19E42800F40D77 /* FeedModel.swift in Sources */ = {isa = PBXBuildFile; fileRef = 2C28A5B52B19E42800F40D77 /* FeedModel.swift */; };
		2C28A5B82B19E69300F40D77 /* BookViewModel.swift in Sources */ = {isa = PBXBuildFile; fileRef = 2C28A5B72B19E69300F40D77 /* BookViewModel.swift */; };
		2C28A5BB2B19EE1600F40D77 /* BookViewCell.swift in Sources */ = {isa = PBXBuildFile; fileRef = 2C28A5B92B19EE1600F40D77 /* BookViewCell.swift */; };
		2C28A5C02B1A0EA600F40D77 /* DetailViewController.swift in Sources */ = {isa = PBXBuildFile; fileRef = 2C28A5BF2B1A0EA600F40D77 /* DetailViewController.swift */; };
		2C7AC4F22B1CD53D00914850 /* BookAppTests.swift in Sources */ = {isa = PBXBuildFile; fileRef = 2C7AC4F12B1CD53D00914850 /* BookAppTests.swift */; };
		2C7AC4F92B1CD93600914850 /* FetchingDataTests.swift in Sources */ = {isa = PBXBuildFile; fileRef = 2C7AC4F82B1CD93600914850 /* FetchingDataTests.swift */; };
		2C7AC4FB2B1CDF0B00914850 /* SortAndSearchTests.swift in Sources */ = {isa = PBXBuildFile; fileRef = 2C7AC4FA2B1CDF0B00914850 /* SortAndSearchTests.swift */; };
		2C7AC4FD2B1CF2A700914850 /* FavoriteBookTests.swift in Sources */ = {isa = PBXBuildFile; fileRef = 2C7AC4FC2B1CF2A700914850 /* FavoriteBookTests.swift */; };
		2CA4362F2B1B6026006E769A /* BookSearchViewCell.swift in Sources */ = {isa = PBXBuildFile; fileRef = 2CA4362E2B1B6026006E769A /* BookSearchViewCell.swift */; };
/* End PBXBuildFile section */

/* Begin PBXContainerItemProxy section */
		2C7AC4F32B1CD53D00914850 /* PBXContainerItemProxy */ = {
			isa = PBXContainerItemProxy;
			containerPortal = 2C28A5862B19D10E00F40D77 /* Project object */;
			proxyType = 1;
			remoteGlobalIDString = 2C28A58D2B19D10E00F40D77;
			remoteInfo = BookApp;
		};
/* End PBXContainerItemProxy section */

/* Begin PBXFileReference section */
		2C28A58E2B19D10E00F40D77 /* BookApp.app */ = {isa = PBXFileReference; explicitFileType = wrapper.application; includeInIndex = 0; path = BookApp.app; sourceTree = BUILT_PRODUCTS_DIR; };
		2C28A5912B19D10E00F40D77 /* AppDelegate.swift */ = {isa = PBXFileReference; lastKnownFileType = sourcecode.swift; path = AppDelegate.swift; sourceTree = "<group>"; };
		2C28A5932B19D10E00F40D77 /* SceneDelegate.swift */ = {isa = PBXFileReference; lastKnownFileType = sourcecode.swift; path = SceneDelegate.swift; sourceTree = "<group>"; };
		2C28A5952B19D10E00F40D77 /* HomeViewController.swift */ = {isa = PBXFileReference; lastKnownFileType = sourcecode.swift; path = HomeViewController.swift; sourceTree = "<group>"; };
		2C28A5982B19D10E00F40D77 /* Base */ = {isa = PBXFileReference; lastKnownFileType = file.storyboard; name = Base; path = Base.lproj/Main.storyboard; sourceTree = "<group>"; };
		2C28A59A2B19D11100F40D77 /* Assets.xcassets */ = {isa = PBXFileReference; lastKnownFileType = folder.assetcatalog; path = Assets.xcassets; sourceTree = "<group>"; };
		2C28A59D2B19D11100F40D77 /* Base */ = {isa = PBXFileReference; lastKnownFileType = file.storyboard; name = Base; path = Base.lproj/LaunchScreen.storyboard; sourceTree = "<group>"; };
		2C28A59F2B19D11100F40D77 /* Info.plist */ = {isa = PBXFileReference; lastKnownFileType = text.plist.xml; path = Info.plist; sourceTree = "<group>"; };
		2C28A5AA2B19D8CC00F40D77 /* SearchViewController.swift */ = {isa = PBXFileReference; lastKnownFileType = sourcecode.swift; path = SearchViewController.swift; sourceTree = "<group>"; };
		2C28A5AD2B19D9E300F40D77 /* Constants.swift */ = {isa = PBXFileReference; lastKnownFileType = sourcecode.swift; path = Constants.swift; sourceTree = "<group>"; };
		2C28A5AF2B19DE9400F40D77 /* BookModel.swift */ = {isa = PBXFileReference; lastKnownFileType = sourcecode.swift; path = BookModel.swift; sourceTree = "<group>"; };
		2C28A5B32B19E0CE00F40D77 /* BookManager.swift */ = {isa = PBXFileReference; lastKnownFileType = sourcecode.swift; path = BookManager.swift; sourceTree = "<group>"; };
		2C28A5B52B19E42800F40D77 /* FeedModel.swift */ = {isa = PBXFileReference; lastKnownFileType = sourcecode.swift; path = FeedModel.swift; sourceTree = "<group>"; };
		2C28A5B72B19E69300F40D77 /* BookViewModel.swift */ = {isa = PBXFileReference; lastKnownFileType = sourcecode.swift; path = BookViewModel.swift; sourceTree = "<group>"; };
		2C28A5B92B19EE1600F40D77 /* BookViewCell.swift */ = {isa = PBXFileReference; lastKnownFileType = sourcecode.swift; path = BookViewCell.swift; sourceTree = "<group>"; };
		2C28A5BF2B1A0EA600F40D77 /* DetailViewController.swift */ = {isa = PBXFileReference; lastKnownFileType = sourcecode.swift; path = DetailViewController.swift; sourceTree = "<group>"; };
		2C7AC4EF2B1CD53D00914850 /* BookAppTests.xctest */ = {isa = PBXFileReference; explicitFileType = wrapper.cfbundle; includeInIndex = 0; path = BookAppTests.xctest; sourceTree = BUILT_PRODUCTS_DIR; };
		2C7AC4F12B1CD53D00914850 /* BookAppTests.swift */ = {isa = PBXFileReference; lastKnownFileType = sourcecode.swift; path = BookAppTests.swift; sourceTree = "<group>"; };
		2C7AC4F82B1CD93600914850 /* FetchingDataTests.swift */ = {isa = PBXFileReference; lastKnownFileType = sourcecode.swift; path = FetchingDataTests.swift; sourceTree = "<group>"; };
		2C7AC4FA2B1CDF0B00914850 /* SortAndSearchTests.swift */ = {isa = PBXFileReference; lastKnownFileType = sourcecode.swift; path = SortAndSearchTests.swift; sourceTree = "<group>"; };
		2C7AC4FC2B1CF2A700914850 /* FavoriteBookTests.swift */ = {isa = PBXFileReference; lastKnownFileType = sourcecode.swift; path = FavoriteBookTests.swift; sourceTree = "<group>"; };
		2CA4362E2B1B6026006E769A /* BookSearchViewCell.swift */ = {isa = PBXFileReference; lastKnownFileType = sourcecode.swift; path = BookSearchViewCell.swift; sourceTree = "<group>"; };
/* End PBXFileReference section */

/* Begin PBXFrameworksBuildPhase section */
		2C28A58B2B19D10E00F40D77 /* Frameworks */ = {
			isa = PBXFrameworksBuildPhase;
			buildActionMask = 2147483647;
			files = (
			);
			runOnlyForDeploymentPostprocessing = 0;
		};
		2C7AC4EC2B1CD53D00914850 /* Frameworks */ = {
			isa = PBXFrameworksBuildPhase;
			buildActionMask = 2147483647;
			files = (
			);
			runOnlyForDeploymentPostprocessing = 0;
		};
/* End PBXFrameworksBuildPhase section */

/* Begin PBXGroup section */
		2C28A5852B19D10E00F40D77 = {
			isa = PBXGroup;
			children = (
				2C28A5902B19D10E00F40D77 /* BookApp */,
				2C7AC4F02B1CD53D00914850 /* BookAppTests */,
				2C28A58F2B19D10E00F40D77 /* Products */,
			);
			sourceTree = "<group>";
		};
		2C28A58F2B19D10E00F40D77 /* Products */ = {
			isa = PBXGroup;
			children = (
				2C28A58E2B19D10E00F40D77 /* BookApp.app */,
				2C7AC4EF2B1CD53D00914850 /* BookAppTests.xctest */,
			);
			name = Products;
			sourceTree = "<group>";
		};
		2C28A5902B19D10E00F40D77 /* BookApp */ = {
			isa = PBXGroup;
			children = (
				2C28A5A52B19D16200F40D77 /* Models */,
				2C28A5A62B19D1AB00F40D77 /* Views */,
				2C28A5A72B19D1B300F40D77 /* ViewModels */,
				2C28A5AC2B19D9CE00F40D77 /* Helpers */,
				2C28A5912B19D10E00F40D77 /* AppDelegate.swift */,
				2C28A5932B19D10E00F40D77 /* SceneDelegate.swift */,
				2C28A5972B19D10E00F40D77 /* Main.storyboard */,
				2C28A59A2B19D11100F40D77 /* Assets.xcassets */,
				2C28A59C2B19D11100F40D77 /* LaunchScreen.storyboard */,
				2C28A59F2B19D11100F40D77 /* Info.plist */,
			);
			path = BookApp;
			sourceTree = "<group>";
		};
		2C28A5A52B19D16200F40D77 /* Models */ = {
			isa = PBXGroup;
			children = (
				2C28A5B52B19E42800F40D77 /* FeedModel.swift */,
				2C28A5AF2B19DE9400F40D77 /* BookModel.swift */,
				2C28A5B32B19E0CE00F40D77 /* BookManager.swift */,
			);
			path = Models;
			sourceTree = "<group>";
		};
		2C28A5A62B19D1AB00F40D77 /* Views */ = {
			isa = PBXGroup;
			children = (
				2C28A5952B19D10E00F40D77 /* HomeViewController.swift */,
				2C28A5AA2B19D8CC00F40D77 /* SearchViewController.swift */,
				2C28A5BF2B1A0EA600F40D77 /* DetailViewController.swift */,
				2CA4362D2B1B5FF6006E769A /* Cells */,
			);
			path = Views;
			sourceTree = "<group>";
		};
		2C28A5A72B19D1B300F40D77 /* ViewModels */ = {
			isa = PBXGroup;
			children = (
				2C28A5B72B19E69300F40D77 /* BookViewModel.swift */,
			);
			path = ViewModels;
			sourceTree = "<group>";
		};
		2C28A5AC2B19D9CE00F40D77 /* Helpers */ = {
			isa = PBXGroup;
			children = (
				2C28A5AD2B19D9E300F40D77 /* Constants.swift */,
			);
			path = Helpers;
			sourceTree = "<group>";
		};
		2C7AC4F02B1CD53D00914850 /* BookAppTests */ = {
			isa = PBXGroup;
			children = (
				2C7AC4F12B1CD53D00914850 /* BookAppTests.swift */,
				2C7AC4F82B1CD93600914850 /* FetchingDataTests.swift */,
				2C7AC4FA2B1CDF0B00914850 /* SortAndSearchTests.swift */,
				2C7AC4FC2B1CF2A700914850 /* FavoriteBookTests.swift */,
			);
			path = BookAppTests;
			sourceTree = "<group>";
		};
		2CA4362D2B1B5FF6006E769A /* Cells */ = {
			isa = PBXGroup;
			children = (
				2C28A5B92B19EE1600F40D77 /* BookViewCell.swift */,
				2CA4362E2B1B6026006E769A /* BookSearchViewCell.swift */,
			);
			path = Cells;
			sourceTree = "<group>";
		};
/* End PBXGroup section */

/* Begin PBXNativeTarget section */
		2C28A58D2B19D10E00F40D77 /* BookApp */ = {
			isa = PBXNativeTarget;
			buildConfigurationList = 2C28A5A22B19D11100F40D77 /* Build configuration list for PBXNativeTarget "BookApp" */;
			buildPhases = (
				2C28A58A2B19D10E00F40D77 /* Sources */,
				2C28A58B2B19D10E00F40D77 /* Frameworks */,
				2C28A58C2B19D10E00F40D77 /* Resources */,
			);
			buildRules = (
			);
			dependencies = (
			);
			name = BookApp;
			productName = BookApp;
			productReference = 2C28A58E2B19D10E00F40D77 /* BookApp.app */;
			productType = "com.apple.product-type.application";
		};
		2C7AC4EE2B1CD53D00914850 /* BookAppTests */ = {
			isa = PBXNativeTarget;
			buildConfigurationList = 2C7AC4F72B1CD53D00914850 /* Build configuration list for PBXNativeTarget "BookAppTests" */;
			buildPhases = (
				2C7AC4EB2B1CD53D00914850 /* Sources */,
				2C7AC4EC2B1CD53D00914850 /* Frameworks */,
				2C7AC4ED2B1CD53D00914850 /* Resources */,
			);
			buildRules = (
			);
			dependencies = (
				2C7AC4F42B1CD53D00914850 /* PBXTargetDependency */,
			);
			name = BookAppTests;
			productName = BookAppTests;
			productReference = 2C7AC4EF2B1CD53D00914850 /* BookAppTests.xctest */;
			productType = "com.apple.product-type.bundle.unit-test";
		};
/* End PBXNativeTarget section */

/* Begin PBXProject section */
		2C28A5862B19D10E00F40D77 /* Project object */ = {
			isa = PBXProject;
			attributes = {
				BuildIndependentTargetsInParallel = 1;
				LastSwiftUpdateCheck = 1500;
				LastUpgradeCheck = 1500;
				TargetAttributes = {
					2C28A58D2B19D10E00F40D77 = {
						CreatedOnToolsVersion = 15.0.1;
					};
					2C7AC4EE2B1CD53D00914850 = {
						CreatedOnToolsVersion = 15.0.1;
						TestTargetID = 2C28A58D2B19D10E00F40D77;
					};
				};
			};
			buildConfigurationList = 2C28A5892B19D10E00F40D77 /* Build configuration list for PBXProject "BookApp" */;
			compatibilityVersion = "Xcode 14.0";
			developmentRegion = en;
			hasScannedForEncodings = 0;
			knownRegions = (
				en,
				Base,
			);
			mainGroup = 2C28A5852B19D10E00F40D77;
			productRefGroup = 2C28A58F2B19D10E00F40D77 /* Products */;
			projectDirPath = "";
			projectRoot = "";
			targets = (
				2C28A58D2B19D10E00F40D77 /* BookApp */,
				2C7AC4EE2B1CD53D00914850 /* BookAppTests */,
			);
		};
/* End PBXProject section */

/* Begin PBXResourcesBuildPhase section */
		2C28A58C2B19D10E00F40D77 /* Resources */ = {
			isa = PBXResourcesBuildPhase;
			buildActionMask = 2147483647;
			files = (
				2C28A59E2B19D11100F40D77 /* LaunchScreen.storyboard in Resources */,
				2C28A59B2B19D11100F40D77 /* Assets.xcassets in Resources */,
				2C28A5992B19D10E00F40D77 /* Main.storyboard in Resources */,
			);
			runOnlyForDeploymentPostprocessing = 0;
		};
		2C7AC4ED2B1CD53D00914850 /* Resources */ = {
			isa = PBXResourcesBuildPhase;
			buildActionMask = 2147483647;
			files = (
			);
			runOnlyForDeploymentPostprocessing = 0;
		};
/* End PBXResourcesBuildPhase section */

/* Begin PBXSourcesBuildPhase section */
		2C28A58A2B19D10E00F40D77 /* Sources */ = {
			isa = PBXSourcesBuildPhase;
			buildActionMask = 2147483647;
			files = (
				2C28A5C02B1A0EA600F40D77 /* DetailViewController.swift in Sources */,
				2C28A5B02B19DE9400F40D77 /* BookModel.swift in Sources */,
				2C28A5B62B19E42800F40D77 /* FeedModel.swift in Sources */,
				2C28A5B42B19E0CE00F40D77 /* BookManager.swift in Sources */,
				2C28A5AE2B19D9E300F40D77 /* Constants.swift in Sources */,
				2C28A5962B19D10E00F40D77 /* HomeViewController.swift in Sources */,
				2C28A5B82B19E69300F40D77 /* BookViewModel.swift in Sources */,
				2CA4362F2B1B6026006E769A /* BookSearchViewCell.swift in Sources */,
				2C28A5922B19D10E00F40D77 /* AppDelegate.swift in Sources */,
				2C28A5BB2B19EE1600F40D77 /* BookViewCell.swift in Sources */,
				2C28A5AB2B19D8CC00F40D77 /* SearchViewController.swift in Sources */,
				2C28A5942B19D10E00F40D77 /* SceneDelegate.swift in Sources */,
			);
			runOnlyForDeploymentPostprocessing = 0;
		};
		2C7AC4EB2B1CD53D00914850 /* Sources */ = {
			isa = PBXSourcesBuildPhase;
			buildActionMask = 2147483647;
			files = (
				2C7AC4FD2B1CF2A700914850 /* FavoriteBookTests.swift in Sources */,
				2C7AC4F92B1CD93600914850 /* FetchingDataTests.swift in Sources */,
				2C7AC4FB2B1CDF0B00914850 /* SortAndSearchTests.swift in Sources */,
				2C7AC4F22B1CD53D00914850 /* BookAppTests.swift in Sources */,
			);
			runOnlyForDeploymentPostprocessing = 0;
		};
/* End PBXSourcesBuildPhase section */

/* Begin PBXTargetDependency section */
		2C7AC4F42B1CD53D00914850 /* PBXTargetDependency */ = {
			isa = PBXTargetDependency;
			target = 2C28A58D2B19D10E00F40D77 /* BookApp */;
			targetProxy = 2C7AC4F32B1CD53D00914850 /* PBXContainerItemProxy */;
		};
/* End PBXTargetDependency section */

/* Begin PBXVariantGroup section */
		2C28A5972B19D10E00F40D77 /* Main.storyboard */ = {
			isa = PBXVariantGroup;
			children = (
				2C28A5982B19D10E00F40D77 /* Base */,
			);
			name = Main.storyboard;
			sourceTree = "<group>";
		};
		2C28A59C2B19D11100F40D77 /* LaunchScreen.storyboard */ = {
			isa = PBXVariantGroup;
			children = (
				2C28A59D2B19D11100F40D77 /* Base */,
			);
			name = LaunchScreen.storyboard;
			sourceTree = "<group>";
		};
/* End PBXVariantGroup section */

/* Begin XCBuildConfiguration section */
		2C28A5A02B19D11100F40D77 /* Debug */ = {
			isa = XCBuildConfiguration;
			buildSettings = {
				ALWAYS_SEARCH_USER_PATHS = NO;
				ASSETCATALOG_COMPILER_GENERATE_SWIFT_ASSET_SYMBOL_EXTENSIONS = YES;
				CLANG_ANALYZER_NONNULL = YES;
				CLANG_ANALYZER_NUMBER_OBJECT_CONVERSION = YES_AGGRESSIVE;
				CLANG_CXX_LANGUAGE_STANDARD = "gnu++20";
				CLANG_ENABLE_MODULES = YES;
				CLANG_ENABLE_OBJC_ARC = YES;
				CLANG_ENABLE_OBJC_WEAK = YES;
				CLANG_WARN_BLOCK_CAPTURE_AUTORELEASING = YES;
				CLANG_WARN_BOOL_CONVERSION = YES;
				CLANG_WARN_COMMA = YES;
				CLANG_WARN_CONSTANT_CONVERSION = YES;
				CLANG_WARN_DEPRECATED_OBJC_IMPLEMENTATIONS = YES;
				CLANG_WARN_DIRECT_OBJC_ISA_USAGE = YES_ERROR;
				CLANG_WARN_DOCUMENTATION_COMMENTS = YES;
				CLANG_WARN_EMPTY_BODY = YES;
				CLANG_WARN_ENUM_CONVERSION = YES;
				CLANG_WARN_INFINITE_RECURSION = YES;
				CLANG_WARN_INT_CONVERSION = YES;
				CLANG_WARN_NON_LITERAL_NULL_CONVERSION = YES;
				CLANG_WARN_OBJC_IMPLICIT_RETAIN_SELF = YES;
				CLANG_WARN_OBJC_LITERAL_CONVERSION = YES;
				CLANG_WARN_OBJC_ROOT_CLASS = YES_ERROR;
				CLANG_WARN_QUOTED_INCLUDE_IN_FRAMEWORK_HEADER = YES;
				CLANG_WARN_RANGE_LOOP_ANALYSIS = YES;
				CLANG_WARN_STRICT_PROTOTYPES = YES;
				CLANG_WARN_SUSPICIOUS_MOVE = YES;
				CLANG_WARN_UNGUARDED_AVAILABILITY = YES_AGGRESSIVE;
				CLANG_WARN_UNREACHABLE_CODE = YES;
				CLANG_WARN__DUPLICATE_METHOD_MATCH = YES;
				COPY_PHASE_STRIP = NO;
				DEBUG_INFORMATION_FORMAT = dwarf;
				ENABLE_STRICT_OBJC_MSGSEND = YES;
				ENABLE_TESTABILITY = YES;
				ENABLE_USER_SCRIPT_SANDBOXING = YES;
				GCC_C_LANGUAGE_STANDARD = gnu17;
				GCC_DYNAMIC_NO_PIC = NO;
				GCC_NO_COMMON_BLOCKS = YES;
				GCC_OPTIMIZATION_LEVEL = 0;
				GCC_PREPROCESSOR_DEFINITIONS = (
					"DEBUG=1",
					"$(inherited)",
				);
				GCC_WARN_64_TO_32_BIT_CONVERSION = YES;
				GCC_WARN_ABOUT_RETURN_TYPE = YES_ERROR;
				GCC_WARN_UNDECLARED_SELECTOR = YES;
				GCC_WARN_UNINITIALIZED_AUTOS = YES_AGGRESSIVE;
				GCC_WARN_UNUSED_FUNCTION = YES;
				GCC_WARN_UNUSED_VARIABLE = YES;
				IPHONEOS_DEPLOYMENT_TARGET = 17.0;
				LOCALIZATION_PREFERS_STRING_CATALOGS = YES;
				MTL_ENABLE_DEBUG_INFO = INCLUDE_SOURCE;
				MTL_FAST_MATH = YES;
				ONLY_ACTIVE_ARCH = YES;
				SDKROOT = iphoneos;
				SWIFT_ACTIVE_COMPILATION_CONDITIONS = "DEBUG $(inherited)";
				SWIFT_OPTIMIZATION_LEVEL = "-Onone";
			};
			name = Debug;
		};
		2C28A5A12B19D11100F40D77 /* Release */ = {
			isa = XCBuildConfiguration;
			buildSettings = {
				ALWAYS_SEARCH_USER_PATHS = NO;
				ASSETCATALOG_COMPILER_GENERATE_SWIFT_ASSET_SYMBOL_EXTENSIONS = YES;
				CLANG_ANALYZER_NONNULL = YES;
				CLANG_ANALYZER_NUMBER_OBJECT_CONVERSION = YES_AGGRESSIVE;
				CLANG_CXX_LANGUAGE_STANDARD = "gnu++20";
				CLANG_ENABLE_MODULES = YES;
				CLANG_ENABLE_OBJC_ARC = YES;
				CLANG_ENABLE_OBJC_WEAK = YES;
				CLANG_WARN_BLOCK_CAPTURE_AUTORELEASING = YES;
				CLANG_WARN_BOOL_CONVERSION = YES;
				CLANG_WARN_COMMA = YES;
				CLANG_WARN_CONSTANT_CONVERSION = YES;
				CLANG_WARN_DEPRECATED_OBJC_IMPLEMENTATIONS = YES;
				CLANG_WARN_DIRECT_OBJC_ISA_USAGE = YES_ERROR;
				CLANG_WARN_DOCUMENTATION_COMMENTS = YES;
				CLANG_WARN_EMPTY_BODY = YES;
				CLANG_WARN_ENUM_CONVERSION = YES;
				CLANG_WARN_INFINITE_RECURSION = YES;
				CLANG_WARN_INT_CONVERSION = YES;
				CLANG_WARN_NON_LITERAL_NULL_CONVERSION = YES;
				CLANG_WARN_OBJC_IMPLICIT_RETAIN_SELF = YES;
				CLANG_WARN_OBJC_LITERAL_CONVERSION = YES;
				CLANG_WARN_OBJC_ROOT_CLASS = YES_ERROR;
				CLANG_WARN_QUOTED_INCLUDE_IN_FRAMEWORK_HEADER = YES;
				CLANG_WARN_RANGE_LOOP_ANALYSIS = YES;
				CLANG_WARN_STRICT_PROTOTYPES = YES;
				CLANG_WARN_SUSPICIOUS_MOVE = YES;
				CLANG_WARN_UNGUARDED_AVAILABILITY = YES_AGGRESSIVE;
				CLANG_WARN_UNREACHABLE_CODE = YES;
				CLANG_WARN__DUPLICATE_METHOD_MATCH = YES;
				COPY_PHASE_STRIP = NO;
				DEBUG_INFORMATION_FORMAT = "dwarf-with-dsym";
				ENABLE_NS_ASSERTIONS = NO;
				ENABLE_STRICT_OBJC_MSGSEND = YES;
				ENABLE_USER_SCRIPT_SANDBOXING = YES;
				GCC_C_LANGUAGE_STANDARD = gnu17;
				GCC_NO_COMMON_BLOCKS = YES;
				GCC_WARN_64_TO_32_BIT_CONVERSION = YES;
				GCC_WARN_ABOUT_RETURN_TYPE = YES_ERROR;
				GCC_WARN_UNDECLARED_SELECTOR = YES;
				GCC_WARN_UNINITIALIZED_AUTOS = YES_AGGRESSIVE;
				GCC_WARN_UNUSED_FUNCTION = YES;
				GCC_WARN_UNUSED_VARIABLE = YES;
				IPHONEOS_DEPLOYMENT_TARGET = 17.0;
				LOCALIZATION_PREFERS_STRING_CATALOGS = YES;
				MTL_ENABLE_DEBUG_INFO = NO;
				MTL_FAST_MATH = YES;
				SDKROOT = iphoneos;
				SWIFT_COMPILATION_MODE = wholemodule;
				VALIDATE_PRODUCT = YES;
			};
			name = Release;
		};
		2C28A5A32B19D11100F40D77 /* Debug */ = {
			isa = XCBuildConfiguration;
			buildSettings = {
				ASSETCATALOG_COMPILER_APPICON_NAME = AppIcon;
				ASSETCATALOG_COMPILER_GLOBAL_ACCENT_COLOR_NAME = AccentColor;
				CODE_SIGN_STYLE = Automatic;
				CURRENT_PROJECT_VERSION = 1;
				DEVELOPMENT_TEAM = XFBFY2S4T4;
				GENERATE_INFOPLIST_FILE = YES;
				INFOPLIST_FILE = BookApp/Info.plist;
				INFOPLIST_KEY_UIApplicationSupportsIndirectInputEvents = YES;
				INFOPLIST_KEY_UILaunchStoryboardName = LaunchScreen;
				INFOPLIST_KEY_UIMainStoryboardFile = Main;
				INFOPLIST_KEY_UISupportedInterfaceOrientations = UIInterfaceOrientationPortrait;
				LD_RUNPATH_SEARCH_PATHS = (
					"$(inherited)",
					"@executable_path/Frameworks",
				);
				MARKETING_VERSION = 1.0;
				PRODUCT_BUNDLE_IDENTIFIER = berket.BookApp;
				PRODUCT_NAME = "$(TARGET_NAME)";
				SWIFT_EMIT_LOC_STRINGS = YES;
				SWIFT_VERSION = 5.0;
				TARGETED_DEVICE_FAMILY = "1,2";
			};
			name = Debug;
		};
		2C28A5A42B19D11100F40D77 /* Release */ = {
			isa = XCBuildConfiguration;
			buildSettings = {
				ASSETCATALOG_COMPILER_APPICON_NAME = AppIcon;
				ASSETCATALOG_COMPILER_GLOBAL_ACCENT_COLOR_NAME = AccentColor;
				CODE_SIGN_STYLE = Automatic;
				CURRENT_PROJECT_VERSION = 1;
				DEVELOPMENT_TEAM = XFBFY2S4T4;
				GENERATE_INFOPLIST_FILE = YES;
				INFOPLIST_FILE = BookApp/Info.plist;
				INFOPLIST_KEY_UIApplicationSupportsIndirectInputEvents = YES;
				INFOPLIST_KEY_UILaunchStoryboardName = LaunchScreen;
				INFOPLIST_KEY_UIMainStoryboardFile = Main;
				INFOPLIST_KEY_UISupportedInterfaceOrientations = UIInterfaceOrientationPortrait;
				LD_RUNPATH_SEARCH_PATHS = (
					"$(inherited)",
					"@executable_path/Frameworks",
				);
				MARKETING_VERSION = 1.0;
				PRODUCT_BUNDLE_IDENTIFIER = berket.BookApp;
				PRODUCT_NAME = "$(TARGET_NAME)";
				SWIFT_EMIT_LOC_STRINGS = YES;
				SWIFT_VERSION = 5.0;
				TARGETED_DEVICE_FAMILY = "1,2";
			};
			name = Release;
		};
		2C7AC4F52B1CD53D00914850 /* Debug */ = {
			isa = XCBuildConfiguration;
			buildSettings = {
				BUNDLE_LOADER = "$(TEST_HOST)";
				CODE_SIGN_STYLE = Automatic;
				CURRENT_PROJECT_VERSION = 1;
				DEVELOPMENT_TEAM = XFBFY2S4T4;
				GENERATE_INFOPLIST_FILE = YES;
				MARKETING_VERSION = 1.0;
				PRODUCT_BUNDLE_IDENTIFIER = berket.BookAppTests;
				PRODUCT_NAME = "$(TARGET_NAME)";
				SWIFT_EMIT_LOC_STRINGS = NO;
				SWIFT_VERSION = 5.0;
				TARGETED_DEVICE_FAMILY = "1,2";
				TEST_HOST = "$(BUILT_PRODUCTS_DIR)/BookApp.app/$(BUNDLE_EXECUTABLE_FOLDER_PATH)/BookApp";
			};
			name = Debug;
		};
		2C7AC4F62B1CD53D00914850 /* Release */ = {
			isa = XCBuildConfiguration;
			buildSettings = {
				BUNDLE_LOADER = "$(TEST_HOST)";
				CODE_SIGN_STYLE = Automatic;
				CURRENT_PROJECT_VERSION = 1;
				DEVELOPMENT_TEAM = XFBFY2S4T4;
				GENERATE_INFOPLIST_FILE = YES;
				MARKETING_VERSION = 1.0;
				PRODUCT_BUNDLE_IDENTIFIER = berket.BookAppTests;
				PRODUCT_NAME = "$(TARGET_NAME)";
				SWIFT_EMIT_LOC_STRINGS = NO;
				SWIFT_VERSION = 5.0;
				TARGETED_DEVICE_FAMILY = "1,2";
				TEST_HOST = "$(BUILT_PRODUCTS_DIR)/BookApp.app/$(BUNDLE_EXECUTABLE_FOLDER_PATH)/BookApp";
			};
			name = Release;
		};
/* End XCBuildConfiguration section */

/* Begin XCConfigurationList section */
		2C28A5892B19D10E00F40D77 /* Build configuration list for PBXProject "BookApp" */ = {
			isa = XCConfigurationList;
			buildConfigurations = (
				2C28A5A02B19D11100F40D77 /* Debug */,
				2C28A5A12B19D11100F40D77 /* Release */,
			);
			defaultConfigurationIsVisible = 0;
			defaultConfigurationName = Release;
		};
		2C28A5A22B19D11100F40D77 /* Build configuration list for PBXNativeTarget "BookApp" */ = {
			isa = XCConfigurationList;
			buildConfigurations = (
				2C28A5A32B19D11100F40D77 /* Debug */,
				2C28A5A42B19D11100F40D77 /* Release */,
			);
			defaultConfigurationIsVisible = 0;
			defaultConfigurationName = Release;
		};
		2C7AC4F72B1CD53D00914850 /* Build configuration list for PBXNativeTarget "BookAppTests" */ = {
			isa = XCConfigurationList;
			buildConfigurations = (
				2C7AC4F52B1CD53D00914850 /* Debug */,
				2C7AC4F62B1CD53D00914850 /* Release */,
			);
			defaultConfigurationIsVisible = 0;
			defaultConfigurationName = Release;
		};
/* End XCConfigurationList section */
	};
	rootObject = 2C28A5862B19D10E00F40D77 /* Project object */;
}
